
Microsoft Visual Studio Solution File, Format Version 12.00
# Visual Studio Version 17
VisualStudioVersion = 17.10.35013.160
MinimumVisualStudioVersion = 10.0.40219.1
Project("{FAE04EC0-301F-11D3-BF4B-00C04F79EFBC}") = "VVCAngularAppAspNet1.Server", "VVCAngularAppAspNet1.Server\VVCAngularAppAspNet1.Server.csproj", "{EA3FB344-11C5-44DE-85F7-7E6733D74A1B}"
EndProject
Project("{54A90642-561A-4BB1-A94E-469ADEE60C69}") = "vvcangularappaspnet1.client", "vvcangularappaspnet1.client\vvcangularappaspnet1.client.esproj", "{527479AF-6495-48B7-940F-B9C726AABE81}"
EndProject
Global
	GlobalSection(SolutionConfigurationPlatforms) = preSolution
		Debug|Any CPU = Debug|Any CPU
		Release|Any CPU = Release|Any CPU
	EndGlobalSection
	GlobalSection(ProjectConfigurationPlatforms) = postSolution
		{EA3FB344-11C5-44DE-85F7-7E6733D74A1B}.Debug|Any CPU.ActiveCfg = Debug|Any CPU
		{EA3FB344-11C5-44DE-85F7-7E6733D74A1B}.Debug|Any CPU.Build.0 = Debug|Any CPU
		{EA3FB344-11C5-44DE-85F7-7E6733D74A1B}.Release|Any CPU.ActiveCfg = Release|Any CPU
		{EA3FB344-11C5-44DE-85F7-7E6733D74A1B}.Release|Any CPU.Build.0 = Release|Any CPU
		{527479AF-6495-48B7-940F-B9C726AABE81}.Debug|Any CPU.ActiveCfg = Debug|Any CPU
		{527479AF-6495-48B7-940F-B9C726AABE81}.Debug|Any CPU.Build.0 = Debug|Any CPU
		{527479AF-6495-48B7-940F-B9C726AABE81}.Debug|Any CPU.Deploy.0 = Debug|Any CPU
		{527479AF-6495-48B7-940F-B9C726AABE81}.Release|Any CPU.ActiveCfg = Release|Any CPU
		{527479AF-6495-48B7-940F-B9C726AABE81}.Release|Any CPU.Build.0 = Release|Any CPU
		{527479AF-6495-48B7-940F-B9C726AABE81}.Release|Any CPU.Deploy.0 = Release|Any CPU
	EndGlobalSection
	GlobalSection(SolutionProperties) = preSolution
		HideSolutionNode = FALSE
	EndGlobalSection
	GlobalSection(ExtensibilityGlobals) = postSolution
		SolutionGuid = {58503376-4D4A-447B-B183-2C90E0B4AF9D}
	EndGlobalSection
EndGlobal
