
Microsoft Visual Studio Solution File, Format Version 12.00
# Visual Studio Version 17
VisualStudioVersion = 17.5.002.0
MinimumVisualStudioVersion = 10.0.40219.1
Project("{9A19103F-16F7-4668-BE54-9A1E7A4F7556}") = "VVC.Biblioteca.API", "VVC.Biblioteca.API.csproj", "{614DC72A-3BC5-4293-852E-30A3C55E98C1}"
EndProject
Global
	GlobalSection(SolutionConfigurationPlatforms) = preSolution
		Debug|Any CPU = Debug|Any CPU
		Release|Any CPU = Release|Any CPU
	EndGlobalSection
	GlobalSection(ProjectConfigurationPlatforms) = postSolution
		{614DC72A-3BC5-4293-852E-30A3C55E98C1}.Debug|Any CPU.ActiveCfg = Debug|Any CPU
		{614DC72A-3BC5-4293-852E-30A3C55E98C1}.Debug|Any CPU.Build.0 = Debug|Any CPU
		{614DC72A-3BC5-4293-852E-30A3C55E98C1}.Release|Any CPU.ActiveCfg = Release|Any CPU
		{614DC72A-3BC5-4293-852E-30A3C55E98C1}.Release|Any CPU.Build.0 = Release|Any CPU
	EndGlobalSection
	GlobalSection(SolutionProperties) = preSolution
		HideSolutionNode = FALSE
	EndGlobalSection
	GlobalSection(ExtensibilityGlobals) = postSolution
		SolutionGuid = {64EDCDCD-1698-46FF-B4BF-0E0F75BF41C2}
	EndGlobalSection
EndGlobal
