
Microsoft Visual Studio Solution File, Format Version 12.00
# Visual Studio Version 17
VisualStudioVersion = 17.5.002.0
MinimumVisualStudioVersion = 10.0.40219.1
Project("{9A19103F-16F7-4668-BE54-9A1E7A4F7556}") = "prototipo_api_sigod", "prototipo_api_sigod.csproj", "{FF6170AB-0C04-4D6F-902A-F2578AF3576A}"
EndProject
Global
	GlobalSection(SolutionConfigurationPlatforms) = preSolution
		Debug|Any CPU = Debug|Any CPU
		Release|Any CPU = Release|Any CPU
	EndGlobalSection
	GlobalSection(ProjectConfigurationPlatforms) = postSolution
		{FF6170AB-0C04-4D6F-902A-F2578AF3576A}.Debug|Any CPU.ActiveCfg = Debug|Any CPU
		{FF6170AB-0C04-4D6F-902A-F2578AF3576A}.Debug|Any CPU.Build.0 = Debug|Any CPU
		{FF6170AB-0C04-4D6F-902A-F2578AF3576A}.Release|Any CPU.ActiveCfg = Release|Any CPU
		{FF6170AB-0C04-4D6F-902A-F2578AF3576A}.Release|Any CPU.Build.0 = Release|Any CPU
	EndGlobalSection
	GlobalSection(SolutionProperties) = preSolution
		HideSolutionNode = FALSE
	EndGlobalSection
	GlobalSection(ExtensibilityGlobals) = postSolution
		SolutionGuid = {3F02E945-544E-448F-854D-120EBBA24F47}
	EndGlobalSection
EndGlobal
