
Microsoft Visual Studio Solution File, Format Version 12.00
# Visual Studio Version 17
VisualStudioVersion = 17.10.35013.160
MinimumVisualStudioVersion = 10.0.40219.1
Project("{FAE04EC0-301F-11D3-BF4B-00C04F79EFBC}") = "FilmesApi", "FilmesApi.csproj", "{C366A167-4AC4-429F-A29B-BC0B1FCA5708}"
EndProject
Global
	GlobalSection(SolutionConfigurationPlatforms) = preSolution
		Debug|Any CPU = Debug|Any CPU
		Release|Any CPU = Release|Any CPU
	EndGlobalSection
	GlobalSection(ProjectConfigurationPlatforms) = postSolution
		{C366A167-4AC4-429F-A29B-BC0B1FCA5708}.Debug|Any CPU.ActiveCfg = Debug|Any CPU
		{C366A167-4AC4-429F-A29B-BC0B1FCA5708}.Debug|Any CPU.Build.0 = Debug|Any CPU
		{C366A167-4AC4-429F-A29B-BC0B1FCA5708}.Release|Any CPU.ActiveCfg = Release|Any CPU
		{C366A167-4AC4-429F-A29B-BC0B1FCA5708}.Release|Any CPU.Build.0 = Release|Any CPU
	EndGlobalSection
	GlobalSection(SolutionProperties) = preSolution
		HideSolutionNode = FALSE
	EndGlobalSection
	GlobalSection(ExtensibilityGlobals) = postSolution
		SolutionGuid = {59C74061-EA8A-46F6-A4A6-5775B0625BB9}
	EndGlobalSection
EndGlobal
