
Microsoft Visual Studio Solution File, Format Version 12.00
# Visual Studio Version 17
VisualStudioVersion = 17.11.35327.3
MinimumVisualStudioVersion = 10.0.40219.1
Project("{FAE04EC0-301F-11D3-BF4B-00C04F79EFBC}") = "VVCWinFormsApp", "VVCWinFormsApp.csproj", "{B3575393-D101-47E8-B5A3-E42C53E319D1}"
EndProject
Global
	GlobalSection(SolutionConfigurationPlatforms) = preSolution
		Debug|Any CPU = Debug|Any CPU
		Release|Any CPU = Release|Any CPU
	EndGlobalSection
	GlobalSection(ProjectConfigurationPlatforms) = postSolution
		{B3575393-D101-47E8-B5A3-E42C53E319D1}.Debug|Any CPU.ActiveCfg = Debug|Any CPU
		{B3575393-D101-47E8-B5A3-E42C53E319D1}.Debug|Any CPU.Build.0 = Debug|Any CPU
		{B3575393-D101-47E8-B5A3-E42C53E319D1}.Release|Any CPU.ActiveCfg = Release|Any CPU
		{B3575393-D101-47E8-B5A3-E42C53E319D1}.Release|Any CPU.Build.0 = Release|Any CPU
	EndGlobalSection
	GlobalSection(SolutionProperties) = preSolution
		HideSolutionNode = FALSE
	EndGlobalSection
	GlobalSection(ExtensibilityGlobals) = postSolution
		SolutionGuid = {FC2B2421-D5E3-4D54-A0FB-FBCEE8DA4B11}
	EndGlobalSection
EndGlobal
