
Microsoft Visual Studio Solution File, Format Version 12.00
# Visual Studio Version 17
VisualStudioVersion = 17.10.35013.160
MinimumVisualStudioVersion = 10.0.40219.1
Project("{FAE04EC0-301F-11D3-BF4B-00C04F79EFBC}") = "VVCDotNetMail.API", "VVCDotNetMail.API\VVCDotNetMail.API.csproj", "{80B37B8E-D963-4FEB-ABAC-A2D78E791CC1}"
EndProject
Global
	GlobalSection(SolutionConfigurationPlatforms) = preSolution
		Debug|Any CPU = Debug|Any CPU
		Release|Any CPU = Release|Any CPU
	EndGlobalSection
	GlobalSection(ProjectConfigurationPlatforms) = postSolution
		{80B37B8E-D963-4FEB-ABAC-A2D78E791CC1}.Debug|Any CPU.ActiveCfg = Debug|Any CPU
		{80B37B8E-D963-4FEB-ABAC-A2D78E791CC1}.Debug|Any CPU.Build.0 = Debug|Any CPU
		{80B37B8E-D963-4FEB-ABAC-A2D78E791CC1}.Release|Any CPU.ActiveCfg = Release|Any CPU
		{80B37B8E-D963-4FEB-ABAC-A2D78E791CC1}.Release|Any CPU.Build.0 = Release|Any CPU
	EndGlobalSection
	GlobalSection(SolutionProperties) = preSolution
		HideSolutionNode = FALSE
	EndGlobalSection
	GlobalSection(ExtensibilityGlobals) = postSolution
		SolutionGuid = {E11C4ABE-DAAC-43AF-9EF1-4255EFC8B98D}
	EndGlobalSection
EndGlobal
