
Microsoft Visual Studio Solution File, Format Version 12.00
# Visual Studio Version 17
VisualStudioVersion = 17.5.002.0
MinimumVisualStudioVersion = 10.0.40219.1
Project("{9A19103F-16F7-4668-BE54-9A1E7A4F7556}") = "csharp001", "csharp001.csproj", "{1F6A871E-1D57-47B8-A287-F3E161E04221}"
EndProject
Global
	GlobalSection(SolutionConfigurationPlatforms) = preSolution
		Debug|Any CPU = Debug|Any CPU
		Release|Any CPU = Release|Any CPU
	EndGlobalSection
	GlobalSection(ProjectConfigurationPlatforms) = postSolution
		{1F6A871E-1D57-47B8-A287-F3E161E04221}.Debug|Any CPU.ActiveCfg = Debug|Any CPU
		{1F6A871E-1D57-47B8-A287-F3E161E04221}.Debug|Any CPU.Build.0 = Debug|Any CPU
		{1F6A871E-1D57-47B8-A287-F3E161E04221}.Release|Any CPU.ActiveCfg = Release|Any CPU
		{1F6A871E-1D57-47B8-A287-F3E161E04221}.Release|Any CPU.Build.0 = Release|Any CPU
	EndGlobalSection
	GlobalSection(SolutionProperties) = preSolution
		HideSolutionNode = FALSE
	EndGlobalSection
	GlobalSection(ExtensibilityGlobals) = postSolution
		SolutionGuid = {EB21E831-7B6A-4C45-BE9D-9567AB3C17AF}
	EndGlobalSection
EndGlobal
